
Microsoft Visual Studio Solution File, Format Version 12.00
# Visual Studio Version 16
VisualStudioVersion = 16.0.35229.62
MinimumVisualStudioVersion = 10.0.40219.1
Project("{FAE04EC0-301F-11D3-BF4B-00C04F79EFBC}") = "Tax_Collected", "Tax_Collected\Tax_Collected.csproj", "{7C3BD0BD-12BF-49D5-9AB9-CBC7F44B40AF}"
EndProject
Global
	GlobalSection(SolutionConfigurationPlatforms) = preSolution
		Debug|Any CPU = Debug|Any CPU
		Release|Any CPU = Release|Any CPU
	EndGlobalSection
	GlobalSection(ProjectConfigurationPlatforms) = postSolution
		{7C3BD0BD-12BF-49D5-9AB9-CBC7F44B40AF}.Debug|Any CPU.ActiveCfg = Debug|Any CPU
		{7C3BD0BD-12BF-49D5-9AB9-CBC7F44B40AF}.Debug|Any CPU.Build.0 = Debug|Any CPU
		{7C3BD0BD-12BF-49D5-9AB9-CBC7F44B40AF}.Release|Any CPU.ActiveCfg = Release|Any CPU
		{7C3BD0BD-12BF-49D5-9AB9-CBC7F44B40AF}.Release|Any CPU.Build.0 = Release|Any CPU
	EndGlobalSection
	GlobalSection(SolutionProperties) = preSolution
		HideSolutionNode = FALSE
	EndGlobalSection
	GlobalSection(ExtensibilityGlobals) = postSolution
		SolutionGuid = {7601A78E-21B3-4896-B8ED-DDE348418683}
	EndGlobalSection
EndGlobal
